<?xml version="1.0" encoding="utf-8"?>
<Project ToolsVersion="4.0" xmlns="http://schemas.microsoft.com/developer/msbuild/2003">
  <ItemGroup>
    <Filter Include="Source Files">
      <UniqueIdentifier>{4FC737F1-C7A5-4376-A066-2A32D752A2FF}</UniqueIdentifier>
      <Extensions>cpp;c;cc;cxx;c++;cppm;ixx;def;odl;idl;hpj;bat;asm;asmx</Extensions>
    </Filter>
    <Filter Include="Header Files">
      <UniqueIdentifier>{93995380-89BD-4b04-88EB-625FBE52EBFB}</UniqueIdentifier>
      <Extensions>h;hh;hpp;hxx;h++;hm;inl;inc;ipp;xsd</Extensions>
    </Filter>
    <Filter Include="Resource Files">
      <UniqueIdentifier>{67DA6AB6-F800-4c08-8B7A-83BB121AAD01}</UniqueIdentifier>
      <Extensions>rc;ico;cur;bmp;dlg;rc2;rct;bin;rgs;gif;jpg;jpeg;jpe;resx;tiff;tif;png;wav;mfcribbon-ms</Extensions>
    </Filter>
  </ItemGroup>
  <ItemGroup>
    <ClCompile Include="Source\cpp\Main\Main.cpp">
      <Filter>Source Files</Filter>
    </ClCompile>
    <ClCompile Include="Source\cpp\Other\Game.cpp">
      <Filter>Source Files</Filter>
    </ClCompile>
    <ClCompile Include="Source\cpp\Other\Window.cpp">
      <Filter>Source Files</Filter>
    </ClCompile>
    <ClCompile Include="Source\cpp\Other\Menu.cpp">
      <Filter>Source Files</Filter>
    </ClCompile>
    <ClCompile Include="Source\cpp\Other\Hero.cpp">
      <Filter>Source Files</Filter>
    </ClCompile>
    <ClCompile Include="Source\cpp\Other\Map.cpp">
      <Filter>Source Files</Filter>
    </ClCompile>
    <ClCompile Include="Source\cpp\Other\Play.cpp">
      <Filter>Source Files</Filter>
    </ClCompile>
    <ClCompile Include="Source\cpp\Other\Settings.cpp">
      <Filter>Source Files</Filter>
    </ClCompile>
    <ClCompile Include="Source\cpp\Other\Plot.cpp">
      <Filter>Source Files</Filter>
    </ClCompile>
    <ClCompile Include="Source\cpp\Other\Camera.cpp">
      <Filter>Source Files</Filter>
    </ClCompile>
    <ClCompile Include="Source\cpp\Other\Chess.cpp">
      <Filter>Source Files</Filter>
    </ClCompile>
    <ClCompile Include="Source\cpp\Other\VolumeSlider.cpp">
      <Filter>Source Files</Filter>
    </ClCompile>
    <ClCompile Include="Source\cpp\Other\FonMusic.cpp">
      <Filter>Source Files</Filter>
    </ClCompile>
    <ClCompile Include="Source\cpp\Other\Keys.cpp">
      <Filter>Source Files</Filter>
    </ClCompile>
    <ClCompile Include="Source\cpp\Other\Helper.cpp">
      <Filter>Source Files</Filter>
    </ClCompile>
    <ClCompile Include="Source\cpp\Other\Password.cpp">
      <Filter>Source Files</Filter>
    </ClCompile>
    <ClCompile Include="Source\cpp\Other\MapHider.cpp">
      <Filter>Source Files</Filter>
    </ClCompile>
    <ClCompile Include="Source\cpp\Other\RelicShower.cpp">
      <Filter>Source Files</Filter>
    </ClCompile>
    <ClCompile Include="Source\cpp\Other\NPC.cpp">
      <Filter>Source Files</Filter>
    </ClCompile>
    <ClCompile Include="Source\cpp\Other\BeforeGame.cpp">
      <Filter>Source Files</Filter>
    </ClCompile>
    <ClCompile Include="Source\cpp\Other\AfterGame.cpp">
      <Filter>Source Files</Filter>
    </ClCompile>
    <ClCompile Include="Source\cpp\Other\Backup.cpp">
      <Filter>Source Files</Filter>
    </ClCompile>
  </ItemGroup>
  <ItemGroup>
    <ClInclude Include="Source\header\Game.h">
      <Filter>Header Files</Filter>
    </ClInclude>
    <ClInclude Include="Source\header\Window.h">
      <Filter>Header Files</Filter>
    </ClInclude>
    <ClInclude Include="Source\header\Menu.h">
      <Filter>Header Files</Filter>
    </ClInclude>
    <ClInclude Include="Source\header\Hero.h">
      <Filter>Header Files</Filter>
    </ClInclude>
    <ClInclude Include="Source\header\Map.h">
      <Filter>Header Files</Filter>
    </ClInclude>
    <ClInclude Include="Source\header\Play.h">
      <Filter>Header Files</Filter>
    </ClInclude>
    <ClInclude Include="Source\header\Settings.h">
      <Filter>Header Files</Filter>
    </ClInclude>
    <ClInclude Include="Source\header\Plot.h">
      <Filter>Header Files</Filter>
    </ClInclude>
    <ClInclude Include="Source\header\Camera.h">
      <Filter>Header Files</Filter>
    </ClInclude>
    <ClInclude Include="Source\header\Chess.h">
      <Filter>Header Files</Filter>
    </ClInclude>
    <ClInclude Include="Source\header\VolumeSlider.h">
      <Filter>Header Files</Filter>
    </ClInclude>
    <ClInclude Include="Source\header\FonMusic.h">
      <Filter>Header Files</Filter>
    </ClInclude>
    <ClInclude Include="Source\header\Keys.h">
      <Filter>Header Files</Filter>
    </ClInclude>
    <ClInclude Include="Source\header\Helper.h">
      <Filter>Header Files</Filter>
    </ClInclude>
    <ClInclude Include="Source\header\Password.h">
      <Filter>Header Files</Filter>
    </ClInclude>
    <ClInclude Include="Source\header\MapHider.h">
      <Filter>Header Files</Filter>
    </ClInclude>
    <ClInclude Include="Source\header\RelicShower.h">
      <Filter>Header Files</Filter>
    </ClInclude>
    <ClInclude Include="Source\header\NPC.h">
      <Filter>Header Files</Filter>
    </ClInclude>
    <ClInclude Include="Source\header\BeforeGame.h">
      <Filter>Header Files</Filter>
    </ClInclude>
    <ClInclude Include="Source\header\AfterGame.h">
      <Filter>Header Files</Filter>
    </ClInclude>
    <ClInclude Include="Source\header\Backup.h">
      <Filter>Header Files</Filter>
    </ClInclude>
  </ItemGroup>
</Project>